
Microsoft Visual Studio Solution File, Format Version 12.00
# Visual Studio Version 16
VisualStudioVersion = 16.0.32106.194
MinimumVisualStudioVersion = 10.0.40219.1
Project("{8BC9CEB8-8B4A-11D0-8D11-00A0C91BC942}") = "myredis", "myredis\myredis.vcxproj", "{FAD56954-DE59-4CD8-A029-6B7A5471F59C}"
EndProject
Global
	GlobalSection(SolutionConfigurationPlatforms) = preSolution
		Debug|x64 = Debug|x64
		Debug|x86 = Debug|x86
		Release|x64 = Release|x64
		Release|x86 = Release|x86
	EndGlobalSection
	GlobalSection(ProjectConfigurationPlatforms) = postSolution
		{FAD56954-DE59-4CD8-A029-6B7A5471F59C}.Debug|x64.ActiveCfg = Debug|x64
		{FAD56954-DE59-4CD8-A029-6B7A5471F59C}.Debug|x64.Build.0 = Debug|x64
		{FAD56954-DE59-4CD8-A029-6B7A5471F59C}.Debug|x86.ActiveCfg = Debug|Win32
		{FAD56954-DE59-4CD8-A029-6B7A5471F59C}.Debug|x86.Build.0 = Debug|Win32
		{FAD56954-DE59-4CD8-A029-6B7A5471F59C}.Release|x64.ActiveCfg = Release|x64
		{FAD56954-DE59-4CD8-A029-6B7A5471F59C}.Release|x64.Build.0 = Release|x64
		{FAD56954-DE59-4CD8-A029-6B7A5471F59C}.Release|x86.ActiveCfg = Release|Win32
		{FAD56954-DE59-4CD8-A029-6B7A5471F59C}.Release|x86.Build.0 = Release|Win32
	EndGlobalSection
	GlobalSection(SolutionProperties) = preSolution
		HideSolutionNode = FALSE
	EndGlobalSection
	GlobalSection(ExtensibilityGlobals) = postSolution
		SolutionGuid = {16A5C110-D84D-4E16-8719-9B7DF62D33F1}
	EndGlobalSection
EndGlobal
